
Microsoft Visual Studio Solution File, Format Version 12.00
# Visual Studio 14
VisualStudioVersion = 14.0.25420.1
MinimumVisualStudioVersion = 10.0.40219.1
Project("{FAE04EC0-301F-11D3-BF4B-00C04F79EFBC}") = "WebUI", "WebUI\WebUI.csproj", "{D4D39ADB-C7E5-4681-A67B-6F47EDFDD388}"
EndProject
Project("{FAE04EC0-301F-11D3-BF4B-00C04F79EFBC}") = "Models", "Models\Models.csproj", "{71CFD148-956B-4DC1-8AE4-D9D5477C32AD}"
EndProject
Project("{FAE04EC0-301F-11D3-BF4B-00C04F79EFBC}") = "DAL", "DAL\DAL.csproj", "{57233323-E34E-47AD-9C76-1A958706B594}"
EndProject
Project("{FAE04EC0-301F-11D3-BF4B-00C04F79EFBC}") = "GUI", "GUI\GUI.csproj", "{C4BE6311-1CB6-444A-842D-C1DC191EA51A}"
EndProject
Global
	GlobalSection(SolutionConfigurationPlatforms) = preSolution
		Debug|Any CPU = Debug|Any CPU
		Release|Any CPU = Release|Any CPU
	EndGlobalSection
	GlobalSection(ProjectConfigurationPlatforms) = postSolution
		{D4D39ADB-C7E5-4681-A67B-6F47EDFDD388}.Debug|Any CPU.ActiveCfg = Debug|Any CPU
		{D4D39ADB-C7E5-4681-A67B-6F47EDFDD388}.Debug|Any CPU.Build.0 = Debug|Any CPU
		{D4D39ADB-C7E5-4681-A67B-6F47EDFDD388}.Release|Any CPU.ActiveCfg = Release|Any CPU
		{D4D39ADB-C7E5-4681-A67B-6F47EDFDD388}.Release|Any CPU.Build.0 = Release|Any CPU
		{71CFD148-956B-4DC1-8AE4-D9D5477C32AD}.Debug|Any CPU.ActiveCfg = Debug|Any CPU
		{71CFD148-956B-4DC1-8AE4-D9D5477C32AD}.Debug|Any CPU.Build.0 = Debug|Any CPU
		{71CFD148-956B-4DC1-8AE4-D9D5477C32AD}.Release|Any CPU.ActiveCfg = Release|Any CPU
		{71CFD148-956B-4DC1-8AE4-D9D5477C32AD}.Release|Any CPU.Build.0 = Release|Any CPU
		{57233323-E34E-47AD-9C76-1A958706B594}.Debug|Any CPU.ActiveCfg = Debug|Any CPU
		{57233323-E34E-47AD-9C76-1A958706B594}.Debug|Any CPU.Build.0 = Debug|Any CPU
		{57233323-E34E-47AD-9C76-1A958706B594}.Release|Any CPU.ActiveCfg = Release|Any CPU
		{57233323-E34E-47AD-9C76-1A958706B594}.Release|Any CPU.Build.0 = Release|Any CPU
		{C4BE6311-1CB6-444A-842D-C1DC191EA51A}.Debug|Any CPU.ActiveCfg = Debug|Any CPU
		{C4BE6311-1CB6-444A-842D-C1DC191EA51A}.Debug|Any CPU.Build.0 = Debug|Any CPU
		{C4BE6311-1CB6-444A-842D-C1DC191EA51A}.Release|Any CPU.ActiveCfg = Release|Any CPU
		{C4BE6311-1CB6-444A-842D-C1DC191EA51A}.Release|Any CPU.Build.0 = Release|Any CPU
	EndGlobalSection
	GlobalSection(SolutionProperties) = preSolution
		HideSolutionNode = FALSE
	EndGlobalSection
EndGlobal
